// !$*UTF8*$!
{
	archiveVersion = 1;
	classes = {
	};
	objectVersion = 50;
	objects = {

/* Begin PBXBuildFile section */
		5639739B6F771DE3F53DB904 /* Pods_To_vs_Do.framework in Frameworks */ = {isa = PBXBuildFile; fileRef = EE299D853DCA5D87A702DADF /* Pods_To_vs_Do.framework */; };
		BE02E3BB2107E1C1003A9DF4 /* UserService.swift in Sources */ = {isa = PBXBuildFile; fileRef = BE02E3BA2107E1C1003A9DF4 /* UserService.swift */; };
		BE02E3BD2107EAE8003A9DF4 /* Constants.swift in Sources */ = {isa = PBXBuildFile; fileRef = BE02E3BC2107EAE8003A9DF4 /* Constants.swift */; };
		BE02E3C02107EB65003A9DF4 /* Storyboard+Utility.swift in Sources */ = {isa = PBXBuildFile; fileRef = BE02E3BF2107EB65003A9DF4 /* Storyboard+Utility.swift */; };
		BE02E3C42108E0EB003A9DF4 /* ToDoListTableViewController.swift in Sources */ = {isa = PBXBuildFile; fileRef = BE02E3C32108E0EB003A9DF4 /* ToDoListTableViewController.swift */; };
		BE02E3C62108E145003A9DF4 /* ToDoListTableViewCell.swift in Sources */ = {isa = PBXBuildFile; fileRef = BE02E3C52108E145003A9DF4 /* ToDoListTableViewCell.swift */; };
		BE02E3C8210900E7003A9DF4 /* NewToDoItemViewController.swift in Sources */ = {isa = PBXBuildFile; fileRef = BE02E3C7210900E7003A9DF4 /* NewToDoItemViewController.swift */; };
		BE02E3CA21091045003A9DF4 /* Date+ConvertToString.swift in Sources */ = {isa = PBXBuildFile; fileRef = BE02E3C921091045003A9DF4 /* Date+ConvertToString.swift */; };
		BE02E3CD21093384003A9DF4 /* To_vs_Do.xcdatamodeld in Sources */ = {isa = PBXBuildFile; fileRef = BE02E3CB21093384003A9DF4 /* To_vs_Do.xcdatamodeld */; };
		BE02E3D0210935C3003A9DF4 /* CoreDataHelper.swift in Sources */ = {isa = PBXBuildFile; fileRef = BE02E3CF210935C3003A9DF4 /* CoreDataHelper.swift */; };
		BE02E3D2210A3AB0003A9DF4 /* CompletedToDoListTableViewController.swift in Sources */ = {isa = PBXBuildFile; fileRef = BE02E3D1210A3AB0003A9DF4 /* CompletedToDoListTableViewController.swift */; };
		BE02E3D4210A3E02003A9DF4 /* CompletedToDoListTableViewCell.swift in Sources */ = {isa = PBXBuildFile; fileRef = BE02E3D3210A3E02003A9DF4 /* CompletedToDoListTableViewCell.swift */; };
		BE02E3D6210B8553003A9DF4 /* UserProfileViewController.swift in Sources */ = {isa = PBXBuildFile; fileRef = BE02E3D5210B8553003A9DF4 /* UserProfileViewController.swift */; };
		BE02E3DC210B8A36003A9DF4 /* TVDPhotoHelper.swift in Sources */ = {isa = PBXBuildFile; fileRef = BE02E3DB210B8A36003A9DF4 /* TVDPhotoHelper.swift */; };
		BE02E3DE210B9883003A9DF4 /* StorageService.swift in Sources */ = {isa = PBXBuildFile; fileRef = BE02E3DD210B9883003A9DF4 /* StorageService.swift */; };
		BE02E3E0210B9975003A9DF4 /* ProfilePicService.swift in Sources */ = {isa = PBXBuildFile; fileRef = BE02E3DF210B9975003A9DF4 /* ProfilePicService.swift */; };
		BE02E3E2210B9DAE003A9DF4 /* ProfilePic.swift in Sources */ = {isa = PBXBuildFile; fileRef = BE02E3E1210B9DAE003A9DF4 /* ProfilePic.swift */; };
		BE02E3E8210BD1B6003A9DF4 /* MyList.storyboard in Resources */ = {isa = PBXBuildFile; fileRef = BE02E3E7210BD1B6003A9DF4 /* MyList.storyboard */; };
		BE02E3EA210BD1FD003A9DF4 /* CompletedList.storyboard in Resources */ = {isa = PBXBuildFile; fileRef = BE02E3E9210BD1FD003A9DF4 /* CompletedList.storyboard */; };
		BE02E3EC210BD221003A9DF4 /* MyProfile.storyboard in Resources */ = {isa = PBXBuildFile; fileRef = BE02E3EB210BD221003A9DF4 /* MyProfile.storyboard */; };
		BE0A690A21079AC1009E3919 /* CreateUsernameViewController.swift in Sources */ = {isa = PBXBuildFile; fileRef = BE0A690921079AC1009E3919 /* CreateUsernameViewController.swift */; };
		BE88416B2110CB6D0034807D /* FriendsService.swift in Sources */ = {isa = PBXBuildFile; fileRef = BE88416A2110CB6D0034807D /* FriendsService.swift */; };
		BE88416D2110D8340034807D /* FriendsStats.storyboard in Resources */ = {isa = PBXBuildFile; fileRef = BE88416C2110D8340034807D /* FriendsStats.storyboard */; };
		BE88416F2110DACF0034807D /* FriendStatsViewController.swift in Sources */ = {isa = PBXBuildFile; fileRef = BE88416E2110DACF0034807D /* FriendStatsViewController.swift */; };
		BE8841712110DBDA0034807D /* FriendStatTableViewCell.swift in Sources */ = {isa = PBXBuildFile; fileRef = BE8841702110DBDA0034807D /* FriendStatTableViewCell.swift */; };
		BE963CD4210F8C470019AAD4 /* StatCalculatorService.swift in Sources */ = {isa = PBXBuildFile; fileRef = BE963CD3210F8C470019AAD4 /* StatCalculatorService.swift */; };
		BEB68F5B21110E9800F5B7DB /* AddFriendTableViewCell.swift in Sources */ = {isa = PBXBuildFile; fileRef = BEB68F5A21110E9800F5B7DB /* AddFriendTableViewCell.swift */; };
		BEB68F5D2111160E00F5B7DB /* AddFriendViewController.swift in Sources */ = {isa = PBXBuildFile; fileRef = BEB68F5C2111160E00F5B7DB /* AddFriendViewController.swift */; };
		BEBFC038210647BB00C803D6 /* AppDelegate.swift in Sources */ = {isa = PBXBuildFile; fileRef = BEBFC037210647BB00C803D6 /* AppDelegate.swift */; };
		BEBFC03F210647BD00C803D6 /* Assets.xcassets in Resources */ = {isa = PBXBuildFile; fileRef = BEBFC03E210647BD00C803D6 /* Assets.xcassets */; };
		BEBFC04A21064A8400C803D6 /* Login.storyboard in Resources */ = {isa = PBXBuildFile; fileRef = BEBFC04921064A8400C803D6 /* Login.storyboard */; };
		BEBFC051210652D700C803D6 /* Main.storyboard in Resources */ = {isa = PBXBuildFile; fileRef = BEBFC050210652D700C803D6 /* Main.storyboard */; };
		BEBFC0532106535600C803D6 /* LaunchScreen.storyboard in Resources */ = {isa = PBXBuildFile; fileRef = BEBFC0522106535600C803D6 /* LaunchScreen.storyboard */; };
		BEBFC055210654B100C803D6 /* LoginViewController.swift in Sources */ = {isa = PBXBuildFile; fileRef = BEBFC054210654B100C803D6 /* LoginViewController.swift */; };
		BEBFC0582106A1E800C803D6 /* User.swift in Sources */ = {isa = PBXBuildFile; fileRef = BEBFC0572106A1E800C803D6 /* User.swift */; };
		BEC235452118E82900AA41B7 /* GoogleService-Info.plist in Resources */ = {isa = PBXBuildFile; fileRef = BEC235442118E82900AA41B7 /* GoogleService-Info.plist */; };
		BECA7F1A21136D2A00CC5C6B /* AcceptFriendCell.swift in Sources */ = {isa = PBXBuildFile; fileRef = BECA7F1921136D2A00CC5C6B /* AcceptFriendCell.swift */; };
		BECA7F1C21136D8300CC5C6B /* FriendRequestViewController.swift in Sources */ = {isa = PBXBuildFile; fileRef = BECA7F1B21136D8300CC5C6B /* FriendRequestViewController.swift */; };
/* End PBXBuildFile section */

/* Begin PBXFileReference section */
		BE02E3BA2107E1C1003A9DF4 /* UserService.swift */ = {isa = PBXFileReference; lastKnownFileType = sourcecode.swift; path = UserService.swift; sourceTree = "<group>"; };
		BE02E3BC2107EAE8003A9DF4 /* Constants.swift */ = {isa = PBXFileReference; lastKnownFileType = sourcecode.swift; path = Constants.swift; sourceTree = "<group>"; };
		BE02E3BF2107EB65003A9DF4 /* Storyboard+Utility.swift */ = {isa = PBXFileReference; lastKnownFileType = sourcecode.swift; path = "Storyboard+Utility.swift"; sourceTree = "<group>"; };
		BE02E3C32108E0EB003A9DF4 /* ToDoListTableViewController.swift */ = {isa = PBXFileReference; lastKnownFileType = sourcecode.swift; path = ToDoListTableViewController.swift; sourceTree = "<group>"; };
		BE02E3C52108E145003A9DF4 /* ToDoListTableViewCell.swift */ = {isa = PBXFileReference; lastKnownFileType = sourcecode.swift; path = ToDoListTableViewCell.swift; sourceTree = "<group>"; };
		BE02E3C7210900E7003A9DF4 /* NewToDoItemViewController.swift */ = {isa = PBXFileReference; lastKnownFileType = sourcecode.swift; path = NewToDoItemViewController.swift; sourceTree = "<group>"; };
		BE02E3C921091045003A9DF4 /* Date+ConvertToString.swift */ = {isa = PBXFileReference; lastKnownFileType = sourcecode.swift; path = "Date+ConvertToString.swift"; sourceTree = "<group>"; };
		BE02E3CC21093384003A9DF4 /* To_vs_Do.xcdatamodel */ = {isa = PBXFileReference; lastKnownFileType = wrapper.xcdatamodel; path = To_vs_Do.xcdatamodel; sourceTree = "<group>"; };
		BE02E3CF210935C3003A9DF4 /* CoreDataHelper.swift */ = {isa = PBXFileReference; lastKnownFileType = sourcecode.swift; path = CoreDataHelper.swift; sourceTree = "<group>"; };
		BE02E3D1210A3AB0003A9DF4 /* CompletedToDoListTableViewController.swift */ = {isa = PBXFileReference; lastKnownFileType = sourcecode.swift; path = CompletedToDoListTableViewController.swift; sourceTree = "<group>"; };
		BE02E3D3210A3E02003A9DF4 /* CompletedToDoListTableViewCell.swift */ = {isa = PBXFileReference; lastKnownFileType = sourcecode.swift; path = CompletedToDoListTableViewCell.swift; sourceTree = "<group>"; };
		BE02E3D5210B8553003A9DF4 /* UserProfileViewController.swift */ = {isa = PBXFileReference; lastKnownFileType = sourcecode.swift; path = UserProfileViewController.swift; sourceTree = "<group>"; };
		BE02E3DB210B8A36003A9DF4 /* TVDPhotoHelper.swift */ = {isa = PBXFileReference; lastKnownFileType = sourcecode.swift; path = TVDPhotoHelper.swift; sourceTree = "<group>"; };
		BE02E3DD210B9883003A9DF4 /* StorageService.swift */ = {isa = PBXFileReference; lastKnownFileType = sourcecode.swift; path = StorageService.swift; sourceTree = "<group>"; };
		BE02E3DF210B9975003A9DF4 /* ProfilePicService.swift */ = {isa = PBXFileReference; lastKnownFileType = sourcecode.swift; path = ProfilePicService.swift; sourceTree = "<group>"; };
		BE02E3E1210B9DAE003A9DF4 /* ProfilePic.swift */ = {isa = PBXFileReference; lastKnownFileType = sourcecode.swift; path = ProfilePic.swift; sourceTree = "<group>"; };
		BE02E3E7210BD1B6003A9DF4 /* MyList.storyboard */ = {isa = PBXFileReference; fileEncoding = 4; lastKnownFileType = file.storyboard; path = MyList.storyboard; sourceTree = "<group>"; };
		BE02E3E9210BD1FD003A9DF4 /* CompletedList.storyboard */ = {isa = PBXFileReference; fileEncoding = 4; lastKnownFileType = file.storyboard; path = CompletedList.storyboard; sourceTree = "<group>"; };
		BE02E3EB210BD221003A9DF4 /* MyProfile.storyboard */ = {isa = PBXFileReference; fileEncoding = 4; lastKnownFileType = file.storyboard; path = MyProfile.storyboard; sourceTree = "<group>"; };
		BE0A690921079AC1009E3919 /* CreateUsernameViewController.swift */ = {isa = PBXFileReference; lastKnownFileType = sourcecode.swift; path = CreateUsernameViewController.swift; sourceTree = "<group>"; };
		BE88416A2110CB6D0034807D /* FriendsService.swift */ = {isa = PBXFileReference; lastKnownFileType = sourcecode.swift; path = FriendsService.swift; sourceTree = "<group>"; };
		BE88416C2110D8340034807D /* FriendsStats.storyboard */ = {isa = PBXFileReference; fileEncoding = 4; lastKnownFileType = file.storyboard; path = FriendsStats.storyboard; sourceTree = "<group>"; };
		BE88416E2110DACF0034807D /* FriendStatsViewController.swift */ = {isa = PBXFileReference; lastKnownFileType = sourcecode.swift; path = FriendStatsViewController.swift; sourceTree = "<group>"; };
		BE8841702110DBDA0034807D /* FriendStatTableViewCell.swift */ = {isa = PBXFileReference; lastKnownFileType = sourcecode.swift; path = FriendStatTableViewCell.swift; sourceTree = "<group>"; };
		BE963CD3210F8C470019AAD4 /* StatCalculatorService.swift */ = {isa = PBXFileReference; lastKnownFileType = sourcecode.swift; path = StatCalculatorService.swift; sourceTree = "<group>"; };
		BEB68F5A21110E9800F5B7DB /* AddFriendTableViewCell.swift */ = {isa = PBXFileReference; lastKnownFileType = sourcecode.swift; path = AddFriendTableViewCell.swift; sourceTree = "<group>"; };
		BEB68F5C2111160E00F5B7DB /* AddFriendViewController.swift */ = {isa = PBXFileReference; lastKnownFileType = sourcecode.swift; path = AddFriendViewController.swift; sourceTree = "<group>"; };
		BEBFC034210647BB00C803D6 /* To vs Do.app */ = {isa = PBXFileReference; explicitFileType = wrapper.application; includeInIndex = 0; path = "To vs Do.app"; sourceTree = BUILT_PRODUCTS_DIR; };
		BEBFC037210647BB00C803D6 /* AppDelegate.swift */ = {isa = PBXFileReference; lastKnownFileType = sourcecode.swift; path = AppDelegate.swift; sourceTree = "<group>"; };
		BEBFC03E210647BD00C803D6 /* Assets.xcassets */ = {isa = PBXFileReference; lastKnownFileType = folder.assetcatalog; path = Assets.xcassets; sourceTree = "<group>"; };
		BEBFC043210647BD00C803D6 /* Info.plist */ = {isa = PBXFileReference; lastKnownFileType = text.plist.xml; path = Info.plist; sourceTree = "<group>"; };
		BEBFC04921064A8400C803D6 /* Login.storyboard */ = {isa = PBXFileReference; lastKnownFileType = file.storyboard; path = Login.storyboard; sourceTree = "<group>"; };
		BEBFC050210652D700C803D6 /* Main.storyboard */ = {isa = PBXFileReference; lastKnownFileType = file.storyboard; path = Main.storyboard; sourceTree = "<group>"; };
		BEBFC0522106535600C803D6 /* LaunchScreen.storyboard */ = {isa = PBXFileReference; lastKnownFileType = file.storyboard; path = LaunchScreen.storyboard; sourceTree = "<group>"; };
		BEBFC054210654B100C803D6 /* LoginViewController.swift */ = {isa = PBXFileReference; lastKnownFileType = sourcecode.swift; path = LoginViewController.swift; sourceTree = "<group>"; };
		BEBFC0572106A1E800C803D6 /* User.swift */ = {isa = PBXFileReference; lastKnownFileType = sourcecode.swift; path = User.swift; sourceTree = "<group>"; };
		BEC235442118E82900AA41B7 /* GoogleService-Info.plist */ = {isa = PBXFileReference; fileEncoding = 4; lastKnownFileType = text.plist.xml; path = "GoogleService-Info.plist"; sourceTree = "<group>"; };
		BECA7F1921136D2A00CC5C6B /* AcceptFriendCell.swift */ = {isa = PBXFileReference; lastKnownFileType = sourcecode.swift; path = AcceptFriendCell.swift; sourceTree = "<group>"; };
		BECA7F1B21136D8300CC5C6B /* FriendRequestViewController.swift */ = {isa = PBXFileReference; lastKnownFileType = sourcecode.swift; path = FriendRequestViewController.swift; sourceTree = "<group>"; };
		E46CBA4B9BEB8A5E9DAD8825 /* Pods-To vs Do.release.xcconfig */ = {isa = PBXFileReference; includeInIndex = 1; lastKnownFileType = text.xcconfig; name = "Pods-To vs Do.release.xcconfig"; path = "Pods/Target Support Files/Pods-To vs Do/Pods-To vs Do.release.xcconfig"; sourceTree = "<group>"; };
		EE299D853DCA5D87A702DADF /* Pods_To_vs_Do.framework */ = {isa = PBXFileReference; explicitFileType = wrapper.framework; includeInIndex = 0; path = Pods_To_vs_Do.framework; sourceTree = BUILT_PRODUCTS_DIR; };
		F3D2F6BAF3B578EAFD34731A /* Pods-To vs Do.debug.xcconfig */ = {isa = PBXFileReference; includeInIndex = 1; lastKnownFileType = text.xcconfig; name = "Pods-To vs Do.debug.xcconfig"; path = "Pods/Target Support Files/Pods-To vs Do/Pods-To vs Do.debug.xcconfig"; sourceTree = "<group>"; };
/* End PBXFileReference section */

/* Begin PBXFrameworksBuildPhase section */
		BEBFC031210647BB00C803D6 /* Frameworks */ = {
			isa = PBXFrameworksBuildPhase;
			buildActionMask = 2147483647;
			files = (
				5639739B6F771DE3F53DB904 /* Pods_To_vs_Do.framework in Frameworks */,
			);
			runOnlyForDeploymentPostprocessing = 0;
		};
/* End PBXFrameworksBuildPhase section */

/* Begin PBXGroup section */
		610808BE2D9563A8C364F5A1 /* Pods */ = {
			isa = PBXGroup;
			children = (
				F3D2F6BAF3B578EAFD34731A /* Pods-To vs Do.debug.xcconfig */,
				E46CBA4B9BEB8A5E9DAD8825 /* Pods-To vs Do.release.xcconfig */,
			);
			name = Pods;
			sourceTree = "<group>";
		};
		BE02E3B92107E19F003A9DF4 /* Services */ = {
			isa = PBXGroup;
			children = (
				BE02E3BA2107E1C1003A9DF4 /* UserService.swift */,
				BE02E3DD210B9883003A9DF4 /* StorageService.swift */,
				BE02E3DF210B9975003A9DF4 /* ProfilePicService.swift */,
				BE963CD3210F8C470019AAD4 /* StatCalculatorService.swift */,
				BE88416A2110CB6D0034807D /* FriendsService.swift */,
			);
			path = Services;
			sourceTree = "<group>";
		};
		BE02E3BE2107EB45003A9DF4 /* Extensions */ = {
			isa = PBXGroup;
			children = (
				BE02E3BF2107EB65003A9DF4 /* Storyboard+Utility.swift */,
				BE02E3C921091045003A9DF4 /* Date+ConvertToString.swift */,
			);
			path = Extensions;
			sourceTree = "<group>";
		};
		BE02E3CE210935A6003A9DF4 /* Helpers */ = {
			isa = PBXGroup;
			children = (
				BE02E3CF210935C3003A9DF4 /* CoreDataHelper.swift */,
				BE02E3DB210B8A36003A9DF4 /* TVDPhotoHelper.swift */,
			);
			path = Helpers;
			sourceTree = "<group>";
		};
		BEBFC02B210647BB00C803D6 = {
			isa = PBXGroup;
			children = (
				BEBFC036210647BB00C803D6 /* To vs Do */,
				BEBFC035210647BB00C803D6 /* Products */,
				610808BE2D9563A8C364F5A1 /* Pods */,
				DF94E68E1938B1E7580A431C /* Frameworks */,
			);
			sourceTree = "<group>";
		};
		BEBFC035210647BB00C803D6 /* Products */ = {
			isa = PBXGroup;
			children = (
				BEBFC034210647BB00C803D6 /* To vs Do.app */,
			);
			name = Products;
			sourceTree = "<group>";
		};
		BEBFC036210647BB00C803D6 /* To vs Do */ = {
			isa = PBXGroup;
			children = (
				BEBFC037210647BB00C803D6 /* AppDelegate.swift */,
				BE02E3CE210935A6003A9DF4 /* Helpers */,
				BE02E3BE2107EB45003A9DF4 /* Extensions */,
				BE02E3B92107E19F003A9DF4 /* Services */,
				BEBFC04E2106503100C803D6 /* Storyboards */,
				BEBFC04D2106500700C803D6 /* Controllers */,
				BEBFC0562106A1D900C803D6 /* Models */,
				BEBFC03E210647BD00C803D6 /* Assets.xcassets */,
				BEBFC04F210651BE00C803D6 /* Supporting Files */,
			);
			path = "To vs Do";
			sourceTree = "<group>";
		};
		BEBFC04D2106500700C803D6 /* Controllers */ = {
			isa = PBXGroup;
			children = (
				BE0A690921079AC1009E3919 /* CreateUsernameViewController.swift */,
				BEBFC054210654B100C803D6 /* LoginViewController.swift */,
				BE02E3C7210900E7003A9DF4 /* NewToDoItemViewController.swift */,
				BE02E3C32108E0EB003A9DF4 /* ToDoListTableViewController.swift */,
				BE02E3D1210A3AB0003A9DF4 /* CompletedToDoListTableViewController.swift */,
				BE02E3D5210B8553003A9DF4 /* UserProfileViewController.swift */,
				BE88416E2110DACF0034807D /* FriendStatsViewController.swift */,
				BEB68F5C2111160E00F5B7DB /* AddFriendViewController.swift */,
				BECA7F1B21136D8300CC5C6B /* FriendRequestViewController.swift */,
			);
			path = Controllers;
			sourceTree = "<group>";
		};
		BEBFC04E2106503100C803D6 /* Storyboards */ = {
			isa = PBXGroup;
			children = (
				BEBFC050210652D700C803D6 /* Main.storyboard */,
				BE88416C2110D8340034807D /* FriendsStats.storyboard */,
				BE02E3EB210BD221003A9DF4 /* MyProfile.storyboard */,
				BE02E3E9210BD1FD003A9DF4 /* CompletedList.storyboard */,
				BE02E3E7210BD1B6003A9DF4 /* MyList.storyboard */,
				BEBFC0522106535600C803D6 /* LaunchScreen.storyboard */,
				BEBFC04921064A8400C803D6 /* Login.storyboard */,
			);
			path = Storyboards;
			sourceTree = "<group>";
		};
		BEBFC04F210651BE00C803D6 /* Supporting Files */ = {
			isa = PBXGroup;
			children = (
				BEC235442118E82900AA41B7 /* GoogleService-Info.plist */,
				BE02E3BC2107EAE8003A9DF4 /* Constants.swift */,
				BEBFC043210647BD00C803D6 /* Info.plist */,
			);
			path = "Supporting Files";
			sourceTree = "<group>";
		};
		BEBFC0562106A1D900C803D6 /* Models */ = {
			isa = PBXGroup;
			children = (
				BEBFC0572106A1E800C803D6 /* User.swift */,
				BE02E3E1210B9DAE003A9DF4 /* ProfilePic.swift */,
				BE02E3CB21093384003A9DF4 /* To_vs_Do.xcdatamodeld */,
				BE02E3C52108E145003A9DF4 /* ToDoListTableViewCell.swift */,
				BE02E3D3210A3E02003A9DF4 /* CompletedToDoListTableViewCell.swift */,
				BE8841702110DBDA0034807D /* FriendStatTableViewCell.swift */,
				BEB68F5A21110E9800F5B7DB /* AddFriendTableViewCell.swift */,
				BECA7F1921136D2A00CC5C6B /* AcceptFriendCell.swift */,
			);
			path = Models;
			sourceTree = "<group>";
		};
		DF94E68E1938B1E7580A431C /* Frameworks */ = {
			isa = PBXGroup;
			children = (
				EE299D853DCA5D87A702DADF /* Pods_To_vs_Do.framework */,
			);
			name = Frameworks;
			sourceTree = "<group>";
		};
/* End PBXGroup section */

/* Begin PBXNativeTarget section */
		BEBFC033210647BB00C803D6 /* To vs Do */ = {
			isa = PBXNativeTarget;
			buildConfigurationList = BEBFC046210647BD00C803D6 /* Build configuration list for PBXNativeTarget "To vs Do" */;
			buildPhases = (
				7503069D7ADFBA2C20C3B335 /* [CP] Check Pods Manifest.lock */,
				BEBFC030210647BB00C803D6 /* Sources */,
				BEBFC031210647BB00C803D6 /* Frameworks */,
				BEBFC032210647BB00C803D6 /* Resources */,
				34B9FC13CAE8D834E117ACDC /* [CP] Embed Pods Frameworks */,
				8E51E3E0A42EAB3EE3998058 /* [CP] Copy Pods Resources */,
			);
			buildRules = (
			);
			dependencies = (
			);
			name = "To vs Do";
			productName = "To vs Do";
			productReference = BEBFC034210647BB00C803D6 /* To vs Do.app */;
			productType = "com.apple.product-type.application";
		};
/* End PBXNativeTarget section */

/* Begin PBXProject section */
		BEBFC02C210647BB00C803D6 /* Project object */ = {
			isa = PBXProject;
			attributes = {
				LastSwiftUpdateCheck = 0940;
				LastUpgradeCheck = 0940;
				ORGANIZATIONNAME = "Leith Reardon";
				TargetAttributes = {
					BEBFC033210647BB00C803D6 = {
						CreatedOnToolsVersion = 9.4;
					};
				};
			};
			buildConfigurationList = BEBFC02F210647BB00C803D6 /* Build configuration list for PBXProject "To vs Do" */;
			compatibilityVersion = "Xcode 9.3";
			developmentRegion = en;
			hasScannedForEncodings = 0;
			knownRegions = (
				en,
				Base,
			);
			mainGroup = BEBFC02B210647BB00C803D6;
			productRefGroup = BEBFC035210647BB00C803D6 /* Products */;
			projectDirPath = "";
			projectRoot = "";
			targets = (
				BEBFC033210647BB00C803D6 /* To vs Do */,
			);
		};
/* End PBXProject section */

/* Begin PBXResourcesBuildPhase section */
		BEBFC032210647BB00C803D6 /* Resources */ = {
			isa = PBXResourcesBuildPhase;
			buildActionMask = 2147483647;
			files = (
				BEBFC04A21064A8400C803D6 /* Login.storyboard in Resources */,
				BEC235452118E82900AA41B7 /* GoogleService-Info.plist in Resources */,
				BEBFC051210652D700C803D6 /* Main.storyboard in Resources */,
				BE02E3EC210BD221003A9DF4 /* MyProfile.storyboard in Resources */,
				BE88416D2110D8340034807D /* FriendsStats.storyboard in Resources */,
				BE02E3E8210BD1B6003A9DF4 /* MyList.storyboard in Resources */,
				BE02E3EA210BD1FD003A9DF4 /* CompletedList.storyboard in Resources */,
				BEBFC0532106535600C803D6 /* LaunchScreen.storyboard in Resources */,
				BEBFC03F210647BD00C803D6 /* Assets.xcassets in Resources */,
			);
			runOnlyForDeploymentPostprocessing = 0;
		};
/* End PBXResourcesBuildPhase section */

/* Begin PBXShellScriptBuildPhase section */
		34B9FC13CAE8D834E117ACDC /* [CP] Embed Pods Frameworks */ = {
			isa = PBXShellScriptBuildPhase;
			buildActionMask = 2147483647;
			files = (
			);
			inputPaths = (
				"${SRCROOT}/Pods/Target Support Files/Pods-To vs Do/Pods-To vs Do-frameworks.sh",
				"${BUILT_PRODUCTS_DIR}/Alamofire/Alamofire.framework",
				"${BUILT_PRODUCTS_DIR}/AlamofireImage/AlamofireImage.framework",
				"${BUILT_PRODUCTS_DIR}/AlamofireNetworkActivityIndicator/AlamofireNetworkActivityIndicator.framework",
				"${BUILT_PRODUCTS_DIR}/GTMSessionFetcher/GTMSessionFetcher.framework",
				"${BUILT_PRODUCTS_DIR}/GoogleToolboxForMac/GoogleToolboxForMac.framework",
				"${BUILT_PRODUCTS_DIR}/SwiftyJSON/SwiftyJSON.framework",
				"${BUILT_PRODUCTS_DIR}/leveldb-library/leveldb.framework",
				"${BUILT_PRODUCTS_DIR}/nanopb/nanopb.framework",
			);
			name = "[CP] Embed Pods Frameworks";
			outputPaths = (
				"${TARGET_BUILD_DIR}/${FRAMEWORKS_FOLDER_PATH}/Alamofire.framework",
				"${TARGET_BUILD_DIR}/${FRAMEWORKS_FOLDER_PATH}/AlamofireImage.framework",
				"${TARGET_BUILD_DIR}/${FRAMEWORKS_FOLDER_PATH}/AlamofireNetworkActivityIndicator.framework",
				"${TARGET_BUILD_DIR}/${FRAMEWORKS_FOLDER_PATH}/GTMSessionFetcher.framework",
				"${TARGET_BUILD_DIR}/${FRAMEWORKS_FOLDER_PATH}/GoogleToolboxForMac.framework",
				"${TARGET_BUILD_DIR}/${FRAMEWORKS_FOLDER_PATH}/SwiftyJSON.framework",
				"${TARGET_BUILD_DIR}/${FRAMEWORKS_FOLDER_PATH}/leveldb.framework",
				"${TARGET_BUILD_DIR}/${FRAMEWORKS_FOLDER_PATH}/nanopb.framework",
			);
			runOnlyForDeploymentPostprocessing = 0;
			shellPath = /bin/sh;
			shellScript = "\"${SRCROOT}/Pods/Target Support Files/Pods-To vs Do/Pods-To vs Do-frameworks.sh\"\n";
			showEnvVarsInLog = 0;
		};
		7503069D7ADFBA2C20C3B335 /* [CP] Check Pods Manifest.lock */ = {
			isa = PBXShellScriptBuildPhase;
			buildActionMask = 2147483647;
			files = (
			);
			inputPaths = (
				"${PODS_PODFILE_DIR_PATH}/Podfile.lock",
				"${PODS_ROOT}/Manifest.lock",
			);
			name = "[CP] Check Pods Manifest.lock";
			outputPaths = (
				"$(DERIVED_FILE_DIR)/Pods-To vs Do-checkManifestLockResult.txt",
			);
			runOnlyForDeploymentPostprocessing = 0;
			shellPath = /bin/sh;
			shellScript = "diff \"${PODS_PODFILE_DIR_PATH}/Podfile.lock\" \"${PODS_ROOT}/Manifest.lock\" > /dev/null\nif [ $? != 0 ] ; then\n    # print error to STDERR\n    echo \"error: The sandbox is not in sync with the Podfile.lock. Run 'pod install' or update your CocoaPods installation.\" >&2\n    exit 1\nfi\n# This output is used by Xcode 'outputs' to avoid re-running this script phase.\necho \"SUCCESS\" > \"${SCRIPT_OUTPUT_FILE_0}\"\n";
			showEnvVarsInLog = 0;
		};
		8E51E3E0A42EAB3EE3998058 /* [CP] Copy Pods Resources */ = {
			isa = PBXShellScriptBuildPhase;
			buildActionMask = 2147483647;
			files = (
			);
			inputPaths = (
				"${SRCROOT}/Pods/Target Support Files/Pods-To vs Do/Pods-To vs Do-resources.sh",
				"${PODS_CONFIGURATION_BUILD_DIR}/FirebaseUI/FirebaseAuthUI.bundle",
			);
			name = "[CP] Copy Pods Resources";
			outputPaths = (
				"${TARGET_BUILD_DIR}/${UNLOCALIZED_RESOURCES_FOLDER_PATH}/FirebaseAuthUI.bundle",
			);
			runOnlyForDeploymentPostprocessing = 0;
			shellPath = /bin/sh;
			shellScript = "\"${SRCROOT}/Pods/Target Support Files/Pods-To vs Do/Pods-To vs Do-resources.sh\"\n";
			showEnvVarsInLog = 0;
		};
/* End PBXShellScriptBuildPhase section */

/* Begin PBXSourcesBuildPhase section */
		BEBFC030210647BB00C803D6 /* Sources */ = {
			isa = PBXSourcesBuildPhase;
			buildActionMask = 2147483647;
			files = (
				BE88416F2110DACF0034807D /* FriendStatsViewController.swift in Sources */,
				BEBFC0582106A1E800C803D6 /* User.swift in Sources */,
				BE02E3D4210A3E02003A9DF4 /* CompletedToDoListTableViewCell.swift in Sources */,
				BEBFC055210654B100C803D6 /* LoginViewController.swift in Sources */,
				BE02E3DC210B8A36003A9DF4 /* TVDPhotoHelper.swift in Sources */,
				BE02E3DE210B9883003A9DF4 /* StorageService.swift in Sources */,
				BEB68F5B21110E9800F5B7DB /* AddFriendTableViewCell.swift in Sources */,
				BE02E3BB2107E1C1003A9DF4 /* UserService.swift in Sources */,
				BE88416B2110CB6D0034807D /* FriendsService.swift in Sources */,
				BE02E3C02107EB65003A9DF4 /* Storyboard+Utility.swift in Sources */,
				BE02E3E2210B9DAE003A9DF4 /* ProfilePic.swift in Sources */,
				BEB68F5D2111160E00F5B7DB /* AddFriendViewController.swift in Sources */,
				BE8841712110DBDA0034807D /* FriendStatTableViewCell.swift in Sources */,
				BE02E3D6210B8553003A9DF4 /* UserProfileViewController.swift in Sources */,
				BE02E3BD2107EAE8003A9DF4 /* Constants.swift in Sources */,
				BE02E3CA21091045003A9DF4 /* Date+ConvertToString.swift in Sources */,
				BE02E3D2210A3AB0003A9DF4 /* CompletedToDoListTableViewController.swift in Sources */,
				BE02E3C42108E0EB003A9DF4 /* ToDoListTableViewController.swift in Sources */,
				BECA7F1C21136D8300CC5C6B /* FriendRequestViewController.swift in Sources */,
				BE0A690A21079AC1009E3919 /* CreateUsernameViewController.swift in Sources */,
				BE02E3C62108E145003A9DF4 /* ToDoListTableViewCell.swift in Sources */,
				BE02E3D0210935C3003A9DF4 /* CoreDataHelper.swift in Sources */,
				BE963CD4210F8C470019AAD4 /* StatCalculatorService.swift in Sources */,
				BE02E3E0210B9975003A9DF4 /* ProfilePicService.swift in Sources */,
				BE02E3C8210900E7003A9DF4 /* NewToDoItemViewController.swift in Sources */,
				BECA7F1A21136D2A00CC5C6B /* AcceptFriendCell.swift in Sources */,
				BEBFC038210647BB00C803D6 /* AppDelegate.swift in Sources */,
				BE02E3CD21093384003A9DF4 /* To_vs_Do.xcdatamodeld in Sources */,
			);
			runOnlyForDeploymentPostprocessing = 0;
		};
/* End PBXSourcesBuildPhase section */

/* Begin XCBuildConfiguration section */
		BEBFC044210647BD00C803D6 /* Debug */ = {
			isa = XCBuildConfiguration;
			buildSettings = {
				ALWAYS_SEARCH_USER_PATHS = NO;
				CLANG_ANALYZER_NONNULL = YES;
				CLANG_ANALYZER_NUMBER_OBJECT_CONVERSION = YES_AGGRESSIVE;
				CLANG_CXX_LANGUAGE_STANDARD = "gnu++14";
				CLANG_CXX_LIBRARY = "libc++";
				CLANG_ENABLE_MODULES = YES;
				CLANG_ENABLE_OBJC_ARC = YES;
				CLANG_ENABLE_OBJC_WEAK = YES;
				CLANG_WARN_BLOCK_CAPTURE_AUTORELEASING = YES;
				CLANG_WARN_BOOL_CONVERSION = YES;
				CLANG_WARN_COMMA = YES;
				CLANG_WARN_CONSTANT_CONVERSION = YES;
				CLANG_WARN_DEPRECATED_OBJC_IMPLEMENTATIONS = YES;
				CLANG_WARN_DIRECT_OBJC_ISA_USAGE = YES_ERROR;
				CLANG_WARN_DOCUMENTATION_COMMENTS = YES;
				CLANG_WARN_EMPTY_BODY = YES;
				CLANG_WARN_ENUM_CONVERSION = YES;
				CLANG_WARN_INFINITE_RECURSION = YES;
				CLANG_WARN_INT_CONVERSION = YES;
				CLANG_WARN_NON_LITERAL_NULL_CONVERSION = YES;
				CLANG_WARN_OBJC_IMPLICIT_RETAIN_SELF = YES;
				CLANG_WARN_OBJC_LITERAL_CONVERSION = YES;
				CLANG_WARN_OBJC_ROOT_CLASS = YES_ERROR;
				CLANG_WARN_RANGE_LOOP_ANALYSIS = YES;
				CLANG_WARN_STRICT_PROTOTYPES = YES;
				CLANG_WARN_SUSPICIOUS_MOVE = YES;
				CLANG_WARN_UNGUARDED_AVAILABILITY = YES_AGGRESSIVE;
				CLANG_WARN_UNREACHABLE_CODE = YES;
				CLANG_WARN__DUPLICATE_METHOD_MATCH = YES;
				CODE_SIGN_IDENTITY = "iPhone Developer";
				COPY_PHASE_STRIP = NO;
				DEBUG_INFORMATION_FORMAT = dwarf;
				ENABLE_STRICT_OBJC_MSGSEND = YES;
				ENABLE_TESTABILITY = YES;
				GCC_C_LANGUAGE_STANDARD = gnu11;
				GCC_DYNAMIC_NO_PIC = NO;
				GCC_NO_COMMON_BLOCKS = YES;
				GCC_OPTIMIZATION_LEVEL = 0;
				GCC_PREPROCESSOR_DEFINITIONS = (
					"DEBUG=1",
					"$(inherited)",
				);
				GCC_WARN_64_TO_32_BIT_CONVERSION = YES;
				GCC_WARN_ABOUT_RETURN_TYPE = YES_ERROR;
				GCC_WARN_UNDECLARED_SELECTOR = YES;
				GCC_WARN_UNINITIALIZED_AUTOS = YES_AGGRESSIVE;
				GCC_WARN_UNUSED_FUNCTION = YES;
				GCC_WARN_UNUSED_VARIABLE = YES;
				IPHONEOS_DEPLOYMENT_TARGET = 11.4;
				MTL_ENABLE_DEBUG_INFO = YES;
				ONLY_ACTIVE_ARCH = YES;
				SDKROOT = iphoneos;
				SWIFT_ACTIVE_COMPILATION_CONDITIONS = DEBUG;
				SWIFT_OPTIMIZATION_LEVEL = "-Onone";
			};
			name = Debug;
		};
		BEBFC045210647BD00C803D6 /* Release */ = {
			isa = XCBuildConfiguration;
			buildSettings = {
				ALWAYS_SEARCH_USER_PATHS = NO;
				CLANG_ANALYZER_NONNULL = YES;
				CLANG_ANALYZER_NUMBER_OBJECT_CONVERSION = YES_AGGRESSIVE;
				CLANG_CXX_LANGUAGE_STANDARD = "gnu++14";
				CLANG_CXX_LIBRARY = "libc++";
				CLANG_ENABLE_MODULES = YES;
				CLANG_ENABLE_OBJC_ARC = YES;
				CLANG_ENABLE_OBJC_WEAK = YES;
				CLANG_WARN_BLOCK_CAPTURE_AUTORELEASING = YES;
				CLANG_WARN_BOOL_CONVERSION = YES;
				CLANG_WARN_COMMA = YES;
				CLANG_WARN_CONSTANT_CONVERSION = YES;
				CLANG_WARN_DEPRECATED_OBJC_IMPLEMENTATIONS = YES;
				CLANG_WARN_DIRECT_OBJC_ISA_USAGE = YES_ERROR;
				CLANG_WARN_DOCUMENTATION_COMMENTS = YES;
				CLANG_WARN_EMPTY_BODY = YES;
				CLANG_WARN_ENUM_CONVERSION = YES;
				CLANG_WARN_INFINITE_RECURSION = YES;
				CLANG_WARN_INT_CONVERSION = YES;
				CLANG_WARN_NON_LITERAL_NULL_CONVERSION = YES;
				CLANG_WARN_OBJC_IMPLICIT_RETAIN_SELF = YES;
				CLANG_WARN_OBJC_LITERAL_CONVERSION = YES;
				CLANG_WARN_OBJC_ROOT_CLASS = YES_ERROR;
				CLANG_WARN_RANGE_LOOP_ANALYSIS = YES;
				CLANG_WARN_STRICT_PROTOTYPES = YES;
				CLANG_WARN_SUSPICIOUS_MOVE = YES;
				CLANG_WARN_UNGUARDED_AVAILABILITY = YES_AGGRESSIVE;
				CLANG_WARN_UNREACHABLE_CODE = YES;
				CLANG_WARN__DUPLICATE_METHOD_MATCH = YES;
				CODE_SIGN_IDENTITY = "iPhone Developer";
				COPY_PHASE_STRIP = NO;
				DEBUG_INFORMATION_FORMAT = "dwarf-with-dsym";
				ENABLE_NS_ASSERTIONS = NO;
				ENABLE_STRICT_OBJC_MSGSEND = YES;
				GCC_C_LANGUAGE_STANDARD = gnu11;
				GCC_NO_COMMON_BLOCKS = YES;
				GCC_WARN_64_TO_32_BIT_CONVERSION = YES;
				GCC_WARN_ABOUT_RETURN_TYPE = YES_ERROR;
				GCC_WARN_UNDECLARED_SELECTOR = YES;
				GCC_WARN_UNINITIALIZED_AUTOS = YES_AGGRESSIVE;
				GCC_WARN_UNUSED_FUNCTION = YES;
				GCC_WARN_UNUSED_VARIABLE = YES;
				IPHONEOS_DEPLOYMENT_TARGET = 11.4;
				MTL_ENABLE_DEBUG_INFO = NO;
				SDKROOT = iphoneos;
				SWIFT_COMPILATION_MODE = wholemodule;
				SWIFT_OPTIMIZATION_LEVEL = "-O";
				VALIDATE_PRODUCT = YES;
			};
			name = Release;
		};
		BEBFC047210647BD00C803D6 /* Debug */ = {
			isa = XCBuildConfiguration;
			baseConfigurationReference = F3D2F6BAF3B578EAFD34731A /* Pods-To vs Do.debug.xcconfig */;
			buildSettings = {
				ASSETCATALOG_COMPILER_APPICON_NAME = AppIcon;
				CODE_SIGN_STYLE = Automatic;
				DEVELOPMENT_TEAM = 53Y7LKZDD9;
				INFOPLIST_FILE = "$(SRCROOT)/To vs Do/Supporting Files/Info.plist";
				LD_RUNPATH_SEARCH_PATHS = (
					"$(inherited)",
					"@executable_path/Frameworks",
				);
				PRODUCT_BUNDLE_IDENTIFIER = com.leithsreardon.TovsDo;
				PRODUCT_NAME = "$(TARGET_NAME)";
				SWIFT_VERSION = 4.0;
				TARGETED_DEVICE_FAMILY = 1;
			};
			name = Debug;
		};
		BEBFC048210647BD00C803D6 /* Release */ = {
			isa = XCBuildConfiguration;
			baseConfigurationReference = E46CBA4B9BEB8A5E9DAD8825 /* Pods-To vs Do.release.xcconfig */;
			buildSettings = {
				ASSETCATALOG_COMPILER_APPICON_NAME = AppIcon;
				CODE_SIGN_STYLE = Automatic;
				DEVELOPMENT_TEAM = 53Y7LKZDD9;
				INFOPLIST_FILE = "$(SRCROOT)/To vs Do/Supporting Files/Info.plist";
				LD_RUNPATH_SEARCH_PATHS = (
					"$(inherited)",
					"@executable_path/Frameworks",
				);
				PRODUCT_BUNDLE_IDENTIFIER = com.leithsreardon.TovsDo;
				PRODUCT_NAME = "$(TARGET_NAME)";
				SWIFT_VERSION = 4.0;
				TARGETED_DEVICE_FAMILY = 1;
			};
			name = Release;
		};
/* End XCBuildConfiguration section */

/* Begin XCConfigurationList section */
		BEBFC02F210647BB00C803D6 /* Build configuration list for PBXProject "To vs Do" */ = {
			isa = XCConfigurationList;
			buildConfigurations = (
				BEBFC044210647BD00C803D6 /* Debug */,
				BEBFC045210647BD00C803D6 /* Release */,
			);
			defaultConfigurationIsVisible = 0;
			defaultConfigurationName = Release;
		};
		BEBFC046210647BD00C803D6 /* Build configuration list for PBXNativeTarget "To vs Do" */ = {
			isa = XCConfigurationList;
			buildConfigurations = (
				BEBFC047210647BD00C803D6 /* Debug */,
				BEBFC048210647BD00C803D6 /* Release */,
			);
			defaultConfigurationIsVisible = 0;
			defaultConfigurationName = Release;
		};
/* End XCConfigurationList section */

/* Begin XCVersionGroup section */
		BE02E3CB21093384003A9DF4 /* To_vs_Do.xcdatamodeld */ = {
			isa = XCVersionGroup;
			children = (
				BE02E3CC21093384003A9DF4 /* To_vs_Do.xcdatamodel */,
			);
			currentVersion = BE02E3CC21093384003A9DF4 /* To_vs_Do.xcdatamodel */;
			path = To_vs_Do.xcdatamodeld;
			sourceTree = "<group>";
			versionGroupType = wrapper.xcdatamodel;
		};
/* End XCVersionGroup section */
	};
	rootObject = BEBFC02C210647BB00C803D6 /* Project object */;
}
